
Microsoft Visual Studio Solution File, Format Version 12.00
Project("{FAE04EC0-301F-11D3-BF4B-00C04F79EFBC}") = "skillbox-cs-13", "skillbox-cs-13\skillbox-cs-13.csproj", "{AC91C9C2-EFDB-4E34-874B-3196A57D8393}"
EndProject
Global
	GlobalSection(SolutionConfigurationPlatforms) = preSolution
		Debug|Any CPU = Debug|Any CPU
		Release|Any CPU = Release|Any CPU
	EndGlobalSection
	GlobalSection(ProjectConfigurationPlatforms) = postSolution
		{AC91C9C2-EFDB-4E34-874B-3196A57D8393}.Debug|Any CPU.ActiveCfg = Debug|Any CPU
		{AC91C9C2-EFDB-4E34-874B-3196A57D8393}.Debug|Any CPU.Build.0 = Debug|Any CPU
		{AC91C9C2-EFDB-4E34-874B-3196A57D8393}.Release|Any CPU.ActiveCfg = Release|Any CPU
		{AC91C9C2-EFDB-4E34-874B-3196A57D8393}.Release|Any CPU.Build.0 = Release|Any CPU
	EndGlobalSection
EndGlobal
